
Microsoft Visual Studio Solution File, Format Version 12.00
# Visual Studio Version 17
VisualStudioVersion = 17.4.33213.308
MinimumVisualStudioVersion = 10.0.40219.1
Project("{FAE04EC0-301F-11D3-BF4B-00C04F79EFBC}") = "victorrrrrrrrina", "victorrrrrrrrina\victorrrrrrrrina.csproj", "{89B5DC96-3E03-432E-8163-75867DCC5432}"
EndProject
Global
	GlobalSection(SolutionConfigurationPlatforms) = preSolution
		Debug|Any CPU = Debug|Any CPU
		Release|Any CPU = Release|Any CPU
	EndGlobalSection
	GlobalSection(ProjectConfigurationPlatforms) = postSolution
		{89B5DC96-3E03-432E-8163-75867DCC5432}.Debug|Any CPU.ActiveCfg = Debug|Any CPU
		{89B5DC96-3E03-432E-8163-75867DCC5432}.Debug|Any CPU.Build.0 = Debug|Any CPU
		{89B5DC96-3E03-432E-8163-75867DCC5432}.Release|Any CPU.ActiveCfg = Release|Any CPU
		{89B5DC96-3E03-432E-8163-75867DCC5432}.Release|Any CPU.Build.0 = Release|Any CPU
	EndGlobalSection
	GlobalSection(SolutionProperties) = preSolution
		HideSolutionNode = FALSE
	EndGlobalSection
	GlobalSection(ExtensibilityGlobals) = postSolution
		SolutionGuid = {D8E788C0-77F0-48FD-8672-DF179223A676}
	EndGlobalSection
EndGlobal
